
Microsoft Visual Studio Solution File, Format Version 12.00
# Visual Studio Version 17
VisualStudioVersion = 17.1.32421.90
MinimumVisualStudioVersion = 10.0.40219.1
Project("{2150E333-8FDC-42A3-9474-1A3956D46DE8}") = "1.GlobalUsing", "1.GlobalUsing", "{C4B991D6-0326-4CB4-B14F-B2D3FAC92FDE}"
EndProject
Project("{2150E333-8FDC-42A3-9474-1A3956D46DE8}") = "2.NameSpace", "2.NameSpace", "{572EE0B5-D1CB-4326-8629-CECBD6EE6496}"
EndProject
Project("{2150E333-8FDC-42A3-9474-1A3956D46DE8}") = "3.SysTextJson.HttpExtensions", "3.SysTextJson.HttpExtensions", "{16B3172C-3333-4ADA-B41D-8B0B8DCABF83}"
EndProject
Project("{2150E333-8FDC-42A3-9474-1A3956D46DE8}") = "4.1.SysTextJson.IAsyncEnumeble", "4.1.SysTextJson.IAsyncEnumeble", "{F216447E-D195-49A0-B731-DFBD33EEB837}"
EndProject
Project("{2150E333-8FDC-42A3-9474-1A3956D46DE8}") = "5.MinApi", "5.MinApi", "{77C102EC-5453-4C6B-866D-DDBD7DC118A2}"
EndProject
Project("{2150E333-8FDC-42A3-9474-1A3956D46DE8}") = "6.DiContoller", "6.DiContoller", "{DC9B464B-2FBA-4987-B2E0-3B4097E07F03}"
EndProject
Project("{9A19103F-16F7-4668-BE54-9A1E7A4F7556}") = "1.GlobalUsing", "1.GlobalUsing\1.GlobalUsing.csproj", "{6E148F5D-EBBC-441B-99C4-FCB055E6FADA}"
EndProject
Project("{9A19103F-16F7-4668-BE54-9A1E7A4F7556}") = "2.NameSpace", "2.NameSpace\2.NameSpace.csproj", "{A6F37B74-29BD-4910-A5F5-9E4088812FE3}"
EndProject
Project("{9A19103F-16F7-4668-BE54-9A1E7A4F7556}") = "Client", "3.SysTextJson.HttpExtensions\Client\Client.csproj", "{953E7BC5-F3D6-48A3-8186-DA820AC228FA}"
EndProject
Project("{9A19103F-16F7-4668-BE54-9A1E7A4F7556}") = "Server", "3.SysTextJson.HttpExtensions\Server\Server.csproj", "{ACE51ED9-BFE5-4CF1-BE66-610FDA16DF33}"
EndProject
Project("{2150E333-8FDC-42A3-9474-1A3956D46DE8}") = "4.2.SysTextJson.IAsyncEnumeble", "4.2.SysTextJson.IAsyncEnumeble", "{46E86BDB-0634-4721-9FFB-EF12B309C151}"
EndProject
Project("{9A19103F-16F7-4668-BE54-9A1E7A4F7556}") = "Client", "4.2.SysTextJson.IAsyncEnumeble\Client\Client.csproj", "{23D61CCE-5739-4DF7-BF88-FB9C3261DDCD}"
EndProject
Project("{9A19103F-16F7-4668-BE54-9A1E7A4F7556}") = "Server", "4.2.SysTextJson.IAsyncEnumeble\Server\Server.csproj", "{68AD2B11-BF28-43C7-BC88-FDA6B044AAB1}"
EndProject
Project("{9A19103F-16F7-4668-BE54-9A1E7A4F7556}") = "4.SysTextJson.IAsyncEnumeble", "4.1.SysTextJson.IAsyncEnumeble\4.SysTextJson.IAsyncEnumeble.csproj", "{654C2A38-DE10-4F42-9F63-B576545DA5BC}"
EndProject
Project("{9A19103F-16F7-4668-BE54-9A1E7A4F7556}") = "5.MinApi", "5.MinApi\5.MinApi.csproj", "{04E7B7B6-A32E-44B9-B645-CBBB8A8333E9}"
EndProject
Project("{9A19103F-16F7-4668-BE54-9A1E7A4F7556}") = "6.DiContoller", "6.DiContoller\6.DiContoller.csproj", "{143BEDB0-70DE-47D5-A4D6-3ECDF8DC7464}"
EndProject
Global
	GlobalSection(SolutionConfigurationPlatforms) = preSolution
		Debug|Any CPU = Debug|Any CPU
		Release|Any CPU = Release|Any CPU
	EndGlobalSection
	GlobalSection(ProjectConfigurationPlatforms) = postSolution
		{6E148F5D-EBBC-441B-99C4-FCB055E6FADA}.Debug|Any CPU.ActiveCfg = Debug|Any CPU
		{6E148F5D-EBBC-441B-99C4-FCB055E6FADA}.Debug|Any CPU.Build.0 = Debug|Any CPU
		{6E148F5D-EBBC-441B-99C4-FCB055E6FADA}.Release|Any CPU.ActiveCfg = Release|Any CPU
		{6E148F5D-EBBC-441B-99C4-FCB055E6FADA}.Release|Any CPU.Build.0 = Release|Any CPU
		{A6F37B74-29BD-4910-A5F5-9E4088812FE3}.Debug|Any CPU.ActiveCfg = Debug|Any CPU
		{A6F37B74-29BD-4910-A5F5-9E4088812FE3}.Debug|Any CPU.Build.0 = Debug|Any CPU
		{A6F37B74-29BD-4910-A5F5-9E4088812FE3}.Release|Any CPU.ActiveCfg = Release|Any CPU
		{A6F37B74-29BD-4910-A5F5-9E4088812FE3}.Release|Any CPU.Build.0 = Release|Any CPU
		{953E7BC5-F3D6-48A3-8186-DA820AC228FA}.Debug|Any CPU.ActiveCfg = Debug|Any CPU
		{953E7BC5-F3D6-48A3-8186-DA820AC228FA}.Debug|Any CPU.Build.0 = Debug|Any CPU
		{953E7BC5-F3D6-48A3-8186-DA820AC228FA}.Release|Any CPU.ActiveCfg = Release|Any CPU
		{953E7BC5-F3D6-48A3-8186-DA820AC228FA}.Release|Any CPU.Build.0 = Release|Any CPU
		{ACE51ED9-BFE5-4CF1-BE66-610FDA16DF33}.Debug|Any CPU.ActiveCfg = Debug|Any CPU
		{ACE51ED9-BFE5-4CF1-BE66-610FDA16DF33}.Debug|Any CPU.Build.0 = Debug|Any CPU
		{ACE51ED9-BFE5-4CF1-BE66-610FDA16DF33}.Release|Any CPU.ActiveCfg = Release|Any CPU
		{ACE51ED9-BFE5-4CF1-BE66-610FDA16DF33}.Release|Any CPU.Build.0 = Release|Any CPU
		{23D61CCE-5739-4DF7-BF88-FB9C3261DDCD}.Debug|Any CPU.ActiveCfg = Debug|Any CPU
		{23D61CCE-5739-4DF7-BF88-FB9C3261DDCD}.Debug|Any CPU.Build.0 = Debug|Any CPU
		{23D61CCE-5739-4DF7-BF88-FB9C3261DDCD}.Release|Any CPU.ActiveCfg = Release|Any CPU
		{23D61CCE-5739-4DF7-BF88-FB9C3261DDCD}.Release|Any CPU.Build.0 = Release|Any CPU
		{68AD2B11-BF28-43C7-BC88-FDA6B044AAB1}.Debug|Any CPU.ActiveCfg = Debug|Any CPU
		{68AD2B11-BF28-43C7-BC88-FDA6B044AAB1}.Debug|Any CPU.Build.0 = Debug|Any CPU
		{68AD2B11-BF28-43C7-BC88-FDA6B044AAB1}.Release|Any CPU.ActiveCfg = Release|Any CPU
		{68AD2B11-BF28-43C7-BC88-FDA6B044AAB1}.Release|Any CPU.Build.0 = Release|Any CPU
		{654C2A38-DE10-4F42-9F63-B576545DA5BC}.Debug|Any CPU.ActiveCfg = Debug|Any CPU
		{654C2A38-DE10-4F42-9F63-B576545DA5BC}.Debug|Any CPU.Build.0 = Debug|Any CPU
		{654C2A38-DE10-4F42-9F63-B576545DA5BC}.Release|Any CPU.ActiveCfg = Release|Any CPU
		{654C2A38-DE10-4F42-9F63-B576545DA5BC}.Release|Any CPU.Build.0 = Release|Any CPU
		{04E7B7B6-A32E-44B9-B645-CBBB8A8333E9}.Debug|Any CPU.ActiveCfg = Debug|Any CPU
		{04E7B7B6-A32E-44B9-B645-CBBB8A8333E9}.Debug|Any CPU.Build.0 = Debug|Any CPU
		{04E7B7B6-A32E-44B9-B645-CBBB8A8333E9}.Release|Any CPU.ActiveCfg = Release|Any CPU
		{04E7B7B6-A32E-44B9-B645-CBBB8A8333E9}.Release|Any CPU.Build.0 = Release|Any CPU
		{143BEDB0-70DE-47D5-A4D6-3ECDF8DC7464}.Debug|Any CPU.ActiveCfg = Debug|Any CPU
		{143BEDB0-70DE-47D5-A4D6-3ECDF8DC7464}.Debug|Any CPU.Build.0 = Debug|Any CPU
		{143BEDB0-70DE-47D5-A4D6-3ECDF8DC7464}.Release|Any CPU.ActiveCfg = Release|Any CPU
		{143BEDB0-70DE-47D5-A4D6-3ECDF8DC7464}.Release|Any CPU.Build.0 = Release|Any CPU
	EndGlobalSection
	GlobalSection(SolutionProperties) = preSolution
		HideSolutionNode = FALSE
	EndGlobalSection
	GlobalSection(NestedProjects) = preSolution
		{6E148F5D-EBBC-441B-99C4-FCB055E6FADA} = {C4B991D6-0326-4CB4-B14F-B2D3FAC92FDE}
		{A6F37B74-29BD-4910-A5F5-9E4088812FE3} = {572EE0B5-D1CB-4326-8629-CECBD6EE6496}
		{953E7BC5-F3D6-48A3-8186-DA820AC228FA} = {16B3172C-3333-4ADA-B41D-8B0B8DCABF83}
		{ACE51ED9-BFE5-4CF1-BE66-610FDA16DF33} = {16B3172C-3333-4ADA-B41D-8B0B8DCABF83}
		{23D61CCE-5739-4DF7-BF88-FB9C3261DDCD} = {46E86BDB-0634-4721-9FFB-EF12B309C151}
		{68AD2B11-BF28-43C7-BC88-FDA6B044AAB1} = {46E86BDB-0634-4721-9FFB-EF12B309C151}
		{654C2A38-DE10-4F42-9F63-B576545DA5BC} = {F216447E-D195-49A0-B731-DFBD33EEB837}
		{04E7B7B6-A32E-44B9-B645-CBBB8A8333E9} = {77C102EC-5453-4C6B-866D-DDBD7DC118A2}
		{143BEDB0-70DE-47D5-A4D6-3ECDF8DC7464} = {DC9B464B-2FBA-4987-B2E0-3B4097E07F03}
	EndGlobalSection
	GlobalSection(ExtensibilityGlobals) = postSolution
		SolutionGuid = {287509AE-0F8A-4F4C-956F-C1EE1FF3B1D8}
	EndGlobalSection
EndGlobal
